// !$*UTF8*$!
{
	archiveVersion = 1;
	classes = {
	};
	objectVersion = 77;
	objects = {

/* Begin PBXBuildFile section */
		1FC3E9712E8878F700D221A0 /* PassKit.framework in Frameworks */ = {isa = PBXBuildFile; fileRef = 1FC3E96F2E8878D800D221A0 /* PassKit.framework */; settings = {ATTRIBUTES = (Required, ); }; };
/* End PBXBuildFile section */

/* Begin PBXContainerItemProxy section */
		1FC34ABB2E87252F00217256 /* PBXContainerItemProxy */ = {
			isa = PBXContainerItemProxy;
			containerPortal = 1FC34A9C2E87252E00217256 /* Project object */;
			proxyType = 1;
			remoteGlobalIDString = 1FC34AA32E87252E00217256;
			remoteInfo = "Electro Cycles";
		};
		1FC34AC52E87252F00217256 /* PBXContainerItemProxy */ = {
			isa = PBXContainerItemProxy;
			containerPortal = 1FC34A9C2E87252E00217256 /* Project object */;
			proxyType = 1;
			remoteGlobalIDString = 1FC34AA32E87252E00217256;
			remoteInfo = "Electro Cycles";
		};
/* End PBXContainerItemProxy section */

/* Begin PBXFileReference section */
		1FC34AA42E87252E00217256 /* Electro Cycles.app */ = {isa = PBXFileReference; explicitFileType = wrapper.application; includeInIndex = 0; path = "Electro Cycles.app"; sourceTree = BUILT_PRODUCTS_DIR; };
		1FC34ABA2E87252F00217256 /* Electro CyclesTests.xctest */ = {isa = PBXFileReference; explicitFileType = wrapper.cfbundle; includeInIndex = 0; path = "Electro CyclesTests.xctest"; sourceTree = BUILT_PRODUCTS_DIR; };
		1FC34AC42E87252F00217256 /* Electro CyclesUITests.xctest */ = {isa = PBXFileReference; explicitFileType = wrapper.cfbundle; includeInIndex = 0; path = "Electro CyclesUITests.xctest"; sourceTree = BUILT_PRODUCTS_DIR; };
		1FC3E96F2E8878D800D221A0 /* PassKit.framework */ = {isa = PBXFileReference; lastKnownFileType = wrapper.framework; name = PassKit.framework; path = System/Library/Frameworks/PassKit.framework; sourceTree = SDKROOT; };
/* End PBXFileReference section */

/* Begin PBXFileSystemSynchronizedBuildFileExceptionSet section */
		1FC34ACC2E87252F00217256 /* Exceptions for "Electro Cycles" folder in "Electro Cycles" target */ = {
			isa = PBXFileSystemSynchronizedBuildFileExceptionSet;
			membershipExceptions = (
				Info.plist,
			);
			target = 1FC34AA32E87252E00217256 /* Electro Cycles */;
		};
/* End PBXFileSystemSynchronizedBuildFileExceptionSet section */

/* Begin PBXFileSystemSynchronizedRootGroup section */
		1FC34AA62E87252E00217256 /* Electro Cycles */ = {
			isa = PBXFileSystemSynchronizedRootGroup;
			exceptions = (
				1FC34ACC2E87252F00217256 /* Exceptions for "Electro Cycles" folder in "Electro Cycles" target */,
			);
			path = "Electro Cycles";
			sourceTree = "<group>";
		};
		1FC34ABD2E87252F00217256 /* Electro CyclesTests */ = {
			isa = PBXFileSystemSynchronizedRootGroup;
			path = "Electro CyclesTests";
			sourceTree = "<group>";
		};
		1FC34AC72E87252F00217256 /* Electro CyclesUITests */ = {
			isa = PBXFileSystemSynchronizedRootGroup;
			path = "Electro CyclesUITests";
			sourceTree = "<group>";
		};
/* End PBXFileSystemSynchronizedRootGroup section */

/* Begin PBXFrameworksBuildPhase section */
		1FC34AA12E87252E00217256 /* Frameworks */ = {
			isa = PBXFrameworksBuildPhase;
			buildActionMask = 2147483647;
			files = (
				1FC3E9712E8878F700D221A0 /* PassKit.framework in Frameworks */,
			);
			runOnlyForDeploymentPostprocessing = 0;
		};
		1FC34AB72E87252F00217256 /* Frameworks */ = {
			isa = PBXFrameworksBuildPhase;
			buildActionMask = 2147483647;
			files = (
			);
			runOnlyForDeploymentPostprocessing = 0;
		};
		1FC34AC12E87252F00217256 /* Frameworks */ = {
			isa = PBXFrameworksBuildPhase;
			buildActionMask = 2147483647;
			files = (
			);
			runOnlyForDeploymentPostprocessing = 0;
		};
/* End PBXFrameworksBuildPhase section */

/* Begin PBXGroup section */
		1FC34A9B2E87252E00217256 = {
			isa = PBXGroup;
			children = (
				1FC34AA62E87252E00217256 /* Electro Cycles */,
				1FC34ABD2E87252F00217256 /* Electro CyclesTests */,
				1FC34AC72E87252F00217256 /* Electro CyclesUITests */,
				1FC3E96E2E8878D700D221A0 /* Frameworks */,
				1FC34AA52E87252E00217256 /* Products */,
			);
			sourceTree = "<group>";
		};
		1FC34AA52E87252E00217256 /* Products */ = {
			isa = PBXGroup;
			children = (
				1FC34AA42E87252E00217256 /* Electro Cycles.app */,
				1FC34ABA2E87252F00217256 /* Electro CyclesTests.xctest */,
				1FC34AC42E87252F00217256 /* Electro CyclesUITests.xctest */,
			);
			name = Products;
			sourceTree = "<group>";
		};
		1FC3E96E2E8878D700D221A0 /* Frameworks */ = {
			isa = PBXGroup;
			children = (
				1FC3E96F2E8878D800D221A0 /* PassKit.framework */,
			);
			name = Frameworks;
			sourceTree = "<group>";
		};
/* End PBXGroup section */

/* Begin PBXNativeTarget section */
		1FC34AA32E87252E00217256 /* Electro Cycles */ = {
			isa = PBXNativeTarget;
			buildConfigurationList = 1FC34ACD2E87252F00217256 /* Build configuration list for PBXNativeTarget "Electro Cycles" */;
			buildPhases = (
				1FC34AA02E87252E00217256 /* Sources */,
				1FC34AA12E87252E00217256 /* Frameworks */,
				1FC34AA22E87252E00217256 /* Resources */,
			);
			buildRules = (
			);
			dependencies = (
			);
			fileSystemSynchronizedGroups = (
				1FC34AA62E87252E00217256 /* Electro Cycles */,
			);
			name = "Electro Cycles";
			packageProductDependencies = (
			);
			productName = "Electro Cycles";
			productReference = 1FC34AA42E87252E00217256 /* Electro Cycles.app */;
			productType = "com.apple.product-type.application";
		};
		1FC34AB92E87252F00217256 /* Electro CyclesTests */ = {
			isa = PBXNativeTarget;
			buildConfigurationList = 1FC34AD22E87252F00217256 /* Build configuration list for PBXNativeTarget "Electro CyclesTests" */;
			buildPhases = (
				1FC34AB62E87252F00217256 /* Sources */,
				1FC34AB72E87252F00217256 /* Frameworks */,
				1FC34AB82E87252F00217256 /* Resources */,
			);
			buildRules = (
			);
			dependencies = (
				1FC34ABC2E87252F00217256 /* PBXTargetDependency */,
			);
			fileSystemSynchronizedGroups = (
				1FC34ABD2E87252F00217256 /* Electro CyclesTests */,
			);
			name = "Electro CyclesTests";
			packageProductDependencies = (
			);
			productName = "Electro CyclesTests";
			productReference = 1FC34ABA2E87252F00217256 /* Electro CyclesTests.xctest */;
			productType = "com.apple.product-type.bundle.unit-test";
		};
		1FC34AC32E87252F00217256 /* Electro CyclesUITests */ = {
			isa = PBXNativeTarget;
			buildConfigurationList = 1FC34AD52E87252F00217256 /* Build configuration list for PBXNativeTarget "Electro CyclesUITests" */;
			buildPhases = (
				1FC34AC02E87252F00217256 /* Sources */,
				1FC34AC12E87252F00217256 /* Frameworks */,
				1FC34AC22E87252F00217256 /* Resources */,
			);
			buildRules = (
			);
			dependencies = (
				1FC34AC62E87252F00217256 /* PBXTargetDependency */,
			);
			fileSystemSynchronizedGroups = (
				1FC34AC72E87252F00217256 /* Electro CyclesUITests */,
			);
			name = "Electro CyclesUITests";
			packageProductDependencies = (
			);
			productName = "Electro CyclesUITests";
			productReference = 1FC34AC42E87252F00217256 /* Electro CyclesUITests.xctest */;
			productType = "com.apple.product-type.bundle.ui-testing";
		};
/* End PBXNativeTarget section */

/* Begin PBXProject section */
		1FC34A9C2E87252E00217256 /* Project object */ = {
			isa = PBXProject;
			attributes = {
				BuildIndependentTargetsInParallel = 1;
				LastSwiftUpdateCheck = 2600;
				LastUpgradeCheck = 2600;
				TargetAttributes = {
					1FC34AA32E87252E00217256 = {
						CreatedOnToolsVersion = 26.0.1;
					};
					1FC34AB92E87252F00217256 = {
						CreatedOnToolsVersion = 26.0.1;
						TestTargetID = 1FC34AA32E87252E00217256;
					};
					1FC34AC32E87252F00217256 = {
						CreatedOnToolsVersion = 26.0.1;
						TestTargetID = 1FC34AA32E87252E00217256;
					};
				};
			};
			buildConfigurationList = 1FC34A9F2E87252E00217256 /* Build configuration list for PBXProject "Electro Cycles" */;
			developmentRegion = en;
			hasScannedForEncodings = 0;
			knownRegions = (
				en,
				Base,
			);
			mainGroup = 1FC34A9B2E87252E00217256;
			minimizedProjectReferenceProxies = 1;
			preferredProjectObjectVersion = 77;
			productRefGroup = 1FC34AA52E87252E00217256 /* Products */;
			projectDirPath = "";
			projectRoot = "";
			targets = (
				1FC34AA32E87252E00217256 /* Electro Cycles */,
				1FC34AB92E87252F00217256 /* Electro CyclesTests */,
				1FC34AC32E87252F00217256 /* Electro CyclesUITests */,
			);
		};
/* End PBXProject section */

/* Begin PBXResourcesBuildPhase section */
		1FC34AA22E87252E00217256 /* Resources */ = {
			isa = PBXResourcesBuildPhase;
			buildActionMask = 2147483647;
			files = (
			);
			runOnlyForDeploymentPostprocessing = 0;
		};
		1FC34AB82E87252F00217256 /* Resources */ = {
			isa = PBXResourcesBuildPhase;
			buildActionMask = 2147483647;
			files = (
			);
			runOnlyForDeploymentPostprocessing = 0;
		};
		1FC34AC22E87252F00217256 /* Resources */ = {
			isa = PBXResourcesBuildPhase;
			buildActionMask = 2147483647;
			files = (
			);
			runOnlyForDeploymentPostprocessing = 0;
		};
/* End PBXResourcesBuildPhase section */

/* Begin PBXSourcesBuildPhase section */
		1FC34AA02E87252E00217256 /* Sources */ = {
			isa = PBXSourcesBuildPhase;
			buildActionMask = 2147483647;
			files = (
			);
			runOnlyForDeploymentPostprocessing = 0;
		};
		1FC34AB62E87252F00217256 /* Sources */ = {
			isa = PBXSourcesBuildPhase;
			buildActionMask = 2147483647;
			files = (
			);
			runOnlyForDeploymentPostprocessing = 0;
		};
		1FC34AC02E87252F00217256 /* Sources */ = {
			isa = PBXSourcesBuildPhase;
			buildActionMask = 2147483647;
			files = (
			);
			runOnlyForDeploymentPostprocessing = 0;
		};
/* End PBXSourcesBuildPhase section */

/* Begin PBXTargetDependency section */
		1FC34ABC2E87252F00217256 /* PBXTargetDependency */ = {
			isa = PBXTargetDependency;
			target = 1FC34AA32E87252E00217256 /* Electro Cycles */;
			targetProxy = 1FC34ABB2E87252F00217256 /* PBXContainerItemProxy */;
		};
		1FC34AC62E87252F00217256 /* PBXTargetDependency */ = {
			isa = PBXTargetDependency;
			target = 1FC34AA32E87252E00217256 /* Electro Cycles */;
			targetProxy = 1FC34AC52E87252F00217256 /* PBXContainerItemProxy */;
		};
/* End PBXTargetDependency section */

/* Begin XCBuildConfiguration section */
		1FC34ACE2E87252F00217256 /* Debug */ = {
			isa = XCBuildConfiguration;
			buildSettings = {
				ASSETCATALOG_COMPILER_APPICON_NAME = AppIcon;
				ASSETCATALOG_COMPILER_GLOBAL_ACCENT_COLOR_NAME = AccentColor;
				ASSETCATALOG_COMPILER_INCLUDE_ALL_APPICON_ASSETS = YES;
				CODE_SIGN_ENTITLEMENTS = "Electro Cycles/Electro Cycles.entitlements";
				CODE_SIGN_IDENTITY = "Apple Development";
				CODE_SIGN_STYLE = Automatic;
				CURRENT_PROJECT_VERSION = 2;
				DEVELOPMENT_TEAM = 97AZFNUZ73;
				GENERATE_INFOPLIST_FILE = YES;
				INFOPLIST_FILE = "Electro Cycles/Info.plist";
				INFOPLIST_KEY_CFBundleDisplayName = "Electro Cycles";
				INFOPLIST_KEY_LSApplicationCategoryType = "public.app-category.utilities";
				INFOPLIST_KEY_UIApplicationSupportsIndirectInputEvents = YES;
				INFOPLIST_KEY_UILaunchStoryboardName = LaunchScreen;
				INFOPLIST_KEY_UIMainStoryboardFile = Empty;
				INFOPLIST_KEY_UIStatusBarHidden = NO;
				INFOPLIST_KEY_UIStatusBarStyle = "";
				INFOPLIST_KEY_UISupportedInterfaceOrientations = "UIInterfaceOrientationLandscapeLeft UIInterfaceOrientationLandscapeRight UIInterfaceOrientationPortrait UIInterfaceOrientationPortraitUpsideDown";
				LD_RUNPATH_SEARCH_PATHS = (
					"$(inherited)",
					"@executable_path/Frameworks",
				);
				MARKETING_VERSION = 1.1;
				PRODUCT_BUNDLE_IDENTIFIER = "electrocycles.Electro-Cycles";
				PRODUCT_NAME = "$(TARGET_NAME)";
				PROVISIONING_PROFILE_SPECIFIER = "";
				STRING_CATALOG_GENERATE_SYMBOLS = YES;
				SWIFT_APPROACHABLE_CONCURRENCY = YES;
				SWIFT_DEFAULT_ACTOR_ISOLATION = MainActor;
				SWIFT_EMIT_LOC_STRINGS = YES;
				SWIFT_UPCOMING_FEATURE_MEMBER_IMPORT_VISIBILITY = YES;
				SWIFT_VERSION = 5.0;
				TARGETED_DEVICE_FAMILY = "1,2";
			};
			name = Debug;
		};
		1FC34ACF2E87252F00217256 /* Release */ = {
			isa = XCBuildConfiguration;
			buildSettings = {
				ASSETCATALOG_COMPILER_APPICON_NAME = AppIcon;
				ASSETCATALOG_COMPILER_GLOBAL_ACCENT_COLOR_NAME = AccentColor;
				ASSETCATALOG_COMPILER_INCLUDE_ALL_APPICON_ASSETS = YES;
				CODE_SIGN_ENTITLEMENTS = "Electro Cycles/Electro Cycles.entitlements";
				CODE_SIGN_IDENTITY = "Apple Development";
				CODE_SIGN_STYLE = Automatic;
				CURRENT_PROJECT_VERSION = 2;
				DEVELOPMENT_TEAM = 97AZFNUZ73;
				GENERATE_INFOPLIST_FILE = YES;
				INFOPLIST_FILE = "Electro Cycles/Info.plist";
				INFOPLIST_KEY_CFBundleDisplayName = "Electro Cycles";
				INFOPLIST_KEY_LSApplicationCategoryType = "public.app-category.utilities";
				INFOPLIST_KEY_UIApplicationSupportsIndirectInputEvents = YES;
				INFOPLIST_KEY_UILaunchStoryboardName = LaunchScreen;
				INFOPLIST_KEY_UIMainStoryboardFile = Empty;
				INFOPLIST_KEY_UIStatusBarHidden = NO;
				INFOPLIST_KEY_UIStatusBarStyle = "";
				INFOPLIST_KEY_UISupportedInterfaceOrientations = "UIInterfaceOrientationLandscapeLeft UIInterfaceOrientationLandscapeRight UIInterfaceOrientationPortrait UIInterfaceOrientationPortraitUpsideDown";
				LD_RUNPATH_SEARCH_PATHS = (
					"$(inherited)",
					"@executable_path/Frameworks",
				);
				MARKETING_VERSION = 1.1;
				PRODUCT_BUNDLE_IDENTIFIER = "electrocycles.Electro-Cycles";
				PRODUCT_NAME = "$(TARGET_NAME)";
				PROVISIONING_PROFILE_SPECIFIER = "";
				STRING_CATALOG_GENERATE_SYMBOLS = YES;
				SWIFT_APPROACHABLE_CONCURRENCY = YES;
				SWIFT_DEFAULT_ACTOR_ISOLATION = MainActor;
				SWIFT_EMIT_LOC_STRINGS = YES;
				SWIFT_UPCOMING_FEATURE_MEMBER_IMPORT_VISIBILITY = YES;
				SWIFT_VERSION = 5.0;
				TARGETED_DEVICE_FAMILY = "1,2";
			};
			name = Release;
		};
		1FC34AD02E87252F00217256 /* Debug */ = {
			isa = XCBuildConfiguration;
			buildSettings = {
				ALWAYS_SEARCH_USER_PATHS = NO;
				ASSETCATALOG_COMPILER_GENERATE_SWIFT_ASSET_SYMBOL_EXTENSIONS = YES;
				CLANG_ANALYZER_NONNULL = YES;
				CLANG_ANALYZER_NUMBER_OBJECT_CONVERSION = YES_AGGRESSIVE;
				CLANG_CXX_LANGUAGE_STANDARD = "gnu++20";
				CLANG_ENABLE_MODULES = YES;
				CLANG_ENABLE_OBJC_ARC = YES;
				CLANG_ENABLE_OBJC_WEAK = YES;
				CLANG_WARN_BLOCK_CAPTURE_AUTORELEASING = YES;
				CLANG_WARN_BOOL_CONVERSION = YES;
				CLANG_WARN_COMMA = YES;
				CLANG_WARN_CONSTANT_CONVERSION = YES;
				CLANG_WARN_DEPRECATED_OBJC_IMPLEMENTATIONS = YES;
				CLANG_WARN_DIRECT_OBJC_ISA_USAGE = YES_ERROR;
				CLANG_WARN_DOCUMENTATION_COMMENTS = YES;
				CLANG_WARN_EMPTY_BODY = YES;
				CLANG_WARN_ENUM_CONVERSION = YES;
				CLANG_WARN_INFINITE_RECURSION = YES;
				CLANG_WARN_INT_CONVERSION = YES;
				CLANG_WARN_NON_LITERAL_NULL_CONVERSION = YES;
				CLANG_WARN_OBJC_IMPLICIT_RETAIN_SELF = YES;
				CLANG_WARN_OBJC_LITERAL_CONVERSION = YES;
				CLANG_WARN_OBJC_ROOT_CLASS = YES_ERROR;
				CLANG_WARN_QUOTED_INCLUDE_IN_FRAMEWORK_HEADER = YES;
				CLANG_WARN_RANGE_LOOP_ANALYSIS = YES;
				CLANG_WARN_STRICT_PROTOTYPES = YES;
				CLANG_WARN_SUSPICIOUS_MOVE = YES;
				CLANG_WARN_UNGUARDED_AVAILABILITY = YES_AGGRESSIVE;
				CLANG_WARN_UNREACHABLE_CODE = YES;
				CLANG_WARN__DUPLICATE_METHOD_MATCH = YES;
				COPY_PHASE_STRIP = NO;
				DEBUG_INFORMATION_FORMAT = dwarf;
				DEVELOPMENT_TEAM = 97AZFNUZ73;
				ENABLE_STRICT_OBJC_MSGSEND = YES;
				ENABLE_TESTABILITY = YES;
				ENABLE_USER_SCRIPT_SANDBOXING = YES;
				GCC_C_LANGUAGE_STANDARD = gnu17;
				GCC_DYNAMIC_NO_PIC = NO;
				GCC_NO_COMMON_BLOCKS = YES;
				GCC_OPTIMIZATION_LEVEL = 0;
				GCC_PREPROCESSOR_DEFINITIONS = (
					"DEBUG=1",
					"$(inherited)",
				);
				GCC_WARN_64_TO_32_BIT_CONVERSION = YES;
				GCC_WARN_ABOUT_RETURN_TYPE = YES_ERROR;
				GCC_WARN_UNDECLARED_SELECTOR = YES;
				GCC_WARN_UNINITIALIZED_AUTOS = YES_AGGRESSIVE;
				GCC_WARN_UNUSED_FUNCTION = YES;
				GCC_WARN_UNUSED_VARIABLE = YES;
				IPHONEOS_DEPLOYMENT_TARGET = 26.0;
				LOCALIZATION_PREFERS_STRING_CATALOGS = YES;
				MTL_ENABLE_DEBUG_INFO = INCLUDE_SOURCE;
				MTL_FAST_MATH = YES;
				ONLY_ACTIVE_ARCH = YES;
				SDKROOT = iphoneos;
				SWIFT_ACTIVE_COMPILATION_CONDITIONS = "DEBUG $(inherited)";
				SWIFT_OPTIMIZATION_LEVEL = "-Onone";
			};
			name = Debug;
		};
		1FC34AD12E87252F00217256 /* Release */ = {
			isa = XCBuildConfiguration;
			buildSettings = {
				ALWAYS_SEARCH_USER_PATHS = NO;
				ASSETCATALOG_COMPILER_GENERATE_SWIFT_ASSET_SYMBOL_EXTENSIONS = YES;
				CLANG_ANALYZER_NONNULL = YES;
				CLANG_ANALYZER_NUMBER_OBJECT_CONVERSION = YES_AGGRESSIVE;
				CLANG_CXX_LANGUAGE_STANDARD = "gnu++20";
				CLANG_ENABLE_MODULES = YES;
				CLANG_ENABLE_OBJC_ARC = YES;
				CLANG_ENABLE_OBJC_WEAK = YES;
				CLANG_WARN_BLOCK_CAPTURE_AUTORELEASING = YES;
				CLANG_WARN_BOOL_CONVERSION = YES;
				CLANG_WARN_COMMA = YES;
				CLANG_WARN_CONSTANT_CONVERSION = YES;
				CLANG_WARN_DEPRECATED_OBJC_IMPLEMENTATIONS = YES;
				CLANG_WARN_DIRECT_OBJC_ISA_USAGE = YES_ERROR;
				CLANG_WARN_DOCUMENTATION_COMMENTS = YES;
				CLANG_WARN_EMPTY_BODY = YES;
				CLANG_WARN_ENUM_CONVERSION = YES;
				CLANG_WARN_INFINITE_RECURSION = YES;
				CLANG_WARN_INT_CONVERSION = YES;
				CLANG_WARN_NON_LITERAL_NULL_CONVERSION = YES;
				CLANG_WARN_OBJC_IMPLICIT_RETAIN_SELF = YES;
				CLANG_WARN_OBJC_LITERAL_CONVERSION = YES;
				CLANG_WARN_OBJC_ROOT_CLASS = YES_ERROR;
				CLANG_WARN_QUOTED_INCLUDE_IN_FRAMEWORK_HEADER = YES;
				CLANG_WARN_RANGE_LOOP_ANALYSIS = YES;
				CLANG_WARN_STRICT_PROTOTYPES = YES;
				CLANG_WARN_SUSPICIOUS_MOVE = YES;
				CLANG_WARN_UNGUARDED_AVAILABILITY = YES_AGGRESSIVE;
				CLANG_WARN_UNREACHABLE_CODE = YES;
				CLANG_WARN__DUPLICATE_METHOD_MATCH = YES;
				COPY_PHASE_STRIP = NO;
				DEBUG_INFORMATION_FORMAT = "dwarf-with-dsym";
				DEVELOPMENT_TEAM = 97AZFNUZ73;
				ENABLE_NS_ASSERTIONS = NO;
				ENABLE_STRICT_OBJC_MSGSEND = YES;
				ENABLE_USER_SCRIPT_SANDBOXING = YES;
				GCC_C_LANGUAGE_STANDARD = gnu17;
				GCC_NO_COMMON_BLOCKS = YES;
				GCC_WARN_64_TO_32_BIT_CONVERSION = YES;
				GCC_WARN_ABOUT_RETURN_TYPE = YES_ERROR;
				GCC_WARN_UNDECLARED_SELECTOR = YES;
				GCC_WARN_UNINITIALIZED_AUTOS = YES_AGGRESSIVE;
				GCC_WARN_UNUSED_FUNCTION = YES;
				GCC_WARN_UNUSED_VARIABLE = YES;
				IPHONEOS_DEPLOYMENT_TARGET = 26.0;
				LOCALIZATION_PREFERS_STRING_CATALOGS = YES;
				MTL_ENABLE_DEBUG_INFO = NO;
				MTL_FAST_MATH = YES;
				SDKROOT = iphoneos;
				SWIFT_COMPILATION_MODE = wholemodule;
				VALIDATE_PRODUCT = YES;
			};
			name = Release;
		};
		1FC34AD32E87252F00217256 /* Debug */ = {
			isa = XCBuildConfiguration;
			buildSettings = {
				BUNDLE_LOADER = "$(TEST_HOST)";
				CODE_SIGN_STYLE = Automatic;
				CURRENT_PROJECT_VERSION = 1;
				DEVELOPMENT_TEAM = 97AZFNUZ73;
				GENERATE_INFOPLIST_FILE = YES;
				IPHONEOS_DEPLOYMENT_TARGET = 26.0;
				MARKETING_VERSION = 1.0;
				PRODUCT_BUNDLE_IDENTIFIER = "electrocycles.Electro-CyclesTests";
				PRODUCT_NAME = "$(TARGET_NAME)";
				STRING_CATALOG_GENERATE_SYMBOLS = NO;
				SWIFT_APPROACHABLE_CONCURRENCY = YES;
				SWIFT_EMIT_LOC_STRINGS = NO;
				SWIFT_UPCOMING_FEATURE_MEMBER_IMPORT_VISIBILITY = YES;
				SWIFT_VERSION = 5.0;
				TARGETED_DEVICE_FAMILY = "1,2";
				TEST_HOST = "$(BUILT_PRODUCTS_DIR)/Electro Cycles.app/$(BUNDLE_EXECUTABLE_FOLDER_PATH)/Electro Cycles";
			};
			name = Debug;
		};
		1FC34AD42E87252F00217256 /* Release */ = {
			isa = XCBuildConfiguration;
			buildSettings = {
				BUNDLE_LOADER = "$(TEST_HOST)";
				CODE_SIGN_STYLE = Automatic;
				CURRENT_PROJECT_VERSION = 1;
				DEVELOPMENT_TEAM = 97AZFNUZ73;
				GENERATE_INFOPLIST_FILE = YES;
				IPHONEOS_DEPLOYMENT_TARGET = 26.0;
				MARKETING_VERSION = 1.0;
				PRODUCT_BUNDLE_IDENTIFIER = "electrocycles.Electro-CyclesTests";
				PRODUCT_NAME = "$(TARGET_NAME)";
				STRING_CATALOG_GENERATE_SYMBOLS = NO;
				SWIFT_APPROACHABLE_CONCURRENCY = YES;
				SWIFT_EMIT_LOC_STRINGS = NO;
				SWIFT_UPCOMING_FEATURE_MEMBER_IMPORT_VISIBILITY = YES;
				SWIFT_VERSION = 5.0;
				TARGETED_DEVICE_FAMILY = "1,2";
				TEST_HOST = "$(BUILT_PRODUCTS_DIR)/Electro Cycles.app/$(BUNDLE_EXECUTABLE_FOLDER_PATH)/Electro Cycles";
			};
			name = Release;
		};
		1FC34AD62E87252F00217256 /* Debug */ = {
			isa = XCBuildConfiguration;
			buildSettings = {
				CODE_SIGN_STYLE = Automatic;
				CURRENT_PROJECT_VERSION = 1;
				DEVELOPMENT_TEAM = 97AZFNUZ73;
				GENERATE_INFOPLIST_FILE = YES;
				MARKETING_VERSION = 1.0;
				PRODUCT_BUNDLE_IDENTIFIER = "electrocycles.Electro-CyclesUITests";
				PRODUCT_NAME = "$(TARGET_NAME)";
				STRING_CATALOG_GENERATE_SYMBOLS = NO;
				SWIFT_APPROACHABLE_CONCURRENCY = YES;
				SWIFT_EMIT_LOC_STRINGS = NO;
				SWIFT_UPCOMING_FEATURE_MEMBER_IMPORT_VISIBILITY = YES;
				SWIFT_VERSION = 5.0;
				TARGETED_DEVICE_FAMILY = "1,2";
				TEST_TARGET_NAME = "Electro Cycles";
			};
			name = Debug;
		};
		1FC34AD72E87252F00217256 /* Release */ = {
			isa = XCBuildConfiguration;
			buildSettings = {
				CODE_SIGN_STYLE = Automatic;
				CURRENT_PROJECT_VERSION = 1;
				DEVELOPMENT_TEAM = 97AZFNUZ73;
				GENERATE_INFOPLIST_FILE = YES;
				MARKETING_VERSION = 1.0;
				PRODUCT_BUNDLE_IDENTIFIER = "electrocycles.Electro-CyclesUITests";
				PRODUCT_NAME = "$(TARGET_NAME)";
				STRING_CATALOG_GENERATE_SYMBOLS = NO;
				SWIFT_APPROACHABLE_CONCURRENCY = YES;
				SWIFT_EMIT_LOC_STRINGS = NO;
				SWIFT_UPCOMING_FEATURE_MEMBER_IMPORT_VISIBILITY = YES;
				SWIFT_VERSION = 5.0;
				TARGETED_DEVICE_FAMILY = "1,2";
				TEST_TARGET_NAME = "Electro Cycles";
			};
			name = Release;
		};
/* End XCBuildConfiguration section */

/* Begin XCConfigurationList section */
		1FC34A9F2E87252E00217256 /* Build configuration list for PBXProject "Electro Cycles" */ = {
			isa = XCConfigurationList;
			buildConfigurations = (
				1FC34AD02E87252F00217256 /* Debug */,
				1FC34AD12E87252F00217256 /* Release */,
			);
			defaultConfigurationIsVisible = 0;
			defaultConfigurationName = Release;
		};
		1FC34ACD2E87252F00217256 /* Build configuration list for PBXNativeTarget "Electro Cycles" */ = {
			isa = XCConfigurationList;
			buildConfigurations = (
				1FC34ACE2E87252F00217256 /* Debug */,
				1FC34ACF2E87252F00217256 /* Release */,
			);
			defaultConfigurationIsVisible = 0;
			defaultConfigurationName = Release;
		};
		1FC34AD22E87252F00217256 /* Build configuration list for PBXNativeTarget "Electro CyclesTests" */ = {
			isa = XCConfigurationList;
			buildConfigurations = (
				1FC34AD32E87252F00217256 /* Debug */,
				1FC34AD42E87252F00217256 /* Release */,
			);
			defaultConfigurationIsVisible = 0;
			defaultConfigurationName = Release;
		};
		1FC34AD52E87252F00217256 /* Build configuration list for PBXNativeTarget "Electro CyclesUITests" */ = {
			isa = XCConfigurationList;
			buildConfigurations = (
				1FC34AD62E87252F00217256 /* Debug */,
				1FC34AD72E87252F00217256 /* Release */,
			);
			defaultConfigurationIsVisible = 0;
			defaultConfigurationName = Release;
		};
/* End XCConfigurationList section */
	};
	rootObject = 1FC34A9C2E87252E00217256 /* Project object */;
}
